
Microsoft Visual Studio Solution File, Format Version 12.00
# Visual Studio Version 16
VisualStudioVersion = 16.0.32630.194
MinimumVisualStudioVersion = 10.0.40219.1
Project("{FAE04EC0-301F-11D3-BF4B-00C04F79EFBC}") = "it.mvc", "it.mvc\it.mvc.csproj", "{3DC30469-3DB8-4138-B69F-2942E68B621A}"
EndProject
Project("{FAE04EC0-301F-11D3-BF4B-00C04F79EFBC}") = "it.BBL", "it.BBL\it.BBL.csproj", "{9FAB01B8-B890-43AC-B0A4-B559AD6E54A1}"
EndProject
Project("{FAE04EC0-301F-11D3-BF4B-00C04F79EFBC}") = "it.DAL", "it.DAL\it.DAL.csproj", "{4738B7C6-42E9-45B2-BA96-27F308904175}"
EndProject
Global
	GlobalSection(SolutionConfigurationPlatforms) = preSolution
		Debug|Any CPU = Debug|Any CPU
		Release|Any CPU = Release|Any CPU
	EndGlobalSection
	GlobalSection(ProjectConfigurationPlatforms) = postSolution
		{3DC30469-3DB8-4138-B69F-2942E68B621A}.Debug|Any CPU.ActiveCfg = Debug|Any CPU
		{3DC30469-3DB8-4138-B69F-2942E68B621A}.Debug|Any CPU.Build.0 = Debug|Any CPU
		{3DC30469-3DB8-4138-B69F-2942E68B621A}.Release|Any CPU.ActiveCfg = Release|Any CPU
		{3DC30469-3DB8-4138-B69F-2942E68B621A}.Release|Any CPU.Build.0 = Release|Any CPU
		{9FAB01B8-B890-43AC-B0A4-B559AD6E54A1}.Debug|Any CPU.ActiveCfg = Debug|Any CPU
		{9FAB01B8-B890-43AC-B0A4-B559AD6E54A1}.Debug|Any CPU.Build.0 = Debug|Any CPU
		{9FAB01B8-B890-43AC-B0A4-B559AD6E54A1}.Release|Any CPU.ActiveCfg = Release|Any CPU
		{9FAB01B8-B890-43AC-B0A4-B559AD6E54A1}.Release|Any CPU.Build.0 = Release|Any CPU
		{4738B7C6-42E9-45B2-BA96-27F308904175}.Debug|Any CPU.ActiveCfg = Debug|Any CPU
		{4738B7C6-42E9-45B2-BA96-27F308904175}.Debug|Any CPU.Build.0 = Debug|Any CPU
		{4738B7C6-42E9-45B2-BA96-27F308904175}.Release|Any CPU.ActiveCfg = Release|Any CPU
		{4738B7C6-42E9-45B2-BA96-27F308904175}.Release|Any CPU.Build.0 = Release|Any CPU
	EndGlobalSection
	GlobalSection(SolutionProperties) = preSolution
		HideSolutionNode = FALSE
	EndGlobalSection
	GlobalSection(ExtensibilityGlobals) = postSolution
		SolutionGuid = {2A1CA812-8DF2-4D5A-B18F-70B48069B4F2}
	EndGlobalSection
EndGlobal
